
Microsoft Visual Studio Solution File, Format Version 12.00
# Visual Studio 15
VisualStudioVersion = 15.0.26430.6
MinimumVisualStudioVersion = 10.0.40219.1
Project("{FAE04EC0-301F-11D3-BF4B-00C04F79EFBC}") = "ArenaGS.Windows", "ArenaGS.Windows\ArenaGS.Windows.csproj", "{6F043C5D-8211-4E55-ACB3-60ED052EA423}"
EndProject
Project("{FAE04EC0-301F-11D3-BF4B-00C04F79EFBC}") = "ArenaGS.Mac", "ArenaGS.Mac\ArenaGS.Mac.csproj", "{4EDFE2BA-DBFA-4A7E-981E-5D3C0231CC2B}"
EndProject
Project("{FAE04EC0-301F-11D3-BF4B-00C04F79EFBC}") = "ArenaGS", "ArenaGS\ArenaGS.csproj", "{206941D1-9A48-42D7-BD22-8C1D75107B03}"
EndProject
Project("{FAE04EC0-301F-11D3-BF4B-00C04F79EFBC}") = "ArenaGS.Views", "ArenaGS.Views\ArenaGS.Views.csproj", "{344CE426-B013-4A56-914C-1D2BD00D109C}"
EndProject
Project("{2150E333-8FDC-42A3-9474-1A3956D46DE8}") = "Tests", "Tests", "{C58803BD-1251-4A2F-BA80-6EAAE5A72631}"
EndProject
Project("{FAE04EC0-301F-11D3-BF4B-00C04F79EFBC}") = "ArenaGS.Tests", "ArenaGS.Tests\ArenaGS.Tests.csproj", "{6DE13233-1ACC-4607-837E-19BDF026F5EE}"
EndProject
Project("{FAE04EC0-301F-11D3-BF4B-00C04F79EFBC}") = "ArenaGS.Platform", "ArenaGS.Platform\ArenaGS.Platform.csproj", "{F8C39422-841B-48D9-ACFC-5D44C7A889DB}"
EndProject
Project("{2150E333-8FDC-42A3-9474-1A3956D46DE8}") = "Platforms", "Platforms", "{12447383-2F8E-497C-BD7B-3CDD8AB8217D}"
EndProject
Global
	GlobalSection(Performance) = preSolution
		HasPerformanceSessions = true
	EndGlobalSection
	GlobalSection(SolutionConfigurationPlatforms) = preSolution
		Debug|Any CPU = Debug|Any CPU
		Release|Any CPU = Release|Any CPU
	EndGlobalSection
	GlobalSection(ProjectConfigurationPlatforms) = postSolution
		{6F043C5D-8211-4E55-ACB3-60ED052EA423}.Debug|Any CPU.ActiveCfg = Debug|Any CPU
		{6F043C5D-8211-4E55-ACB3-60ED052EA423}.Debug|Any CPU.Build.0 = Debug|Any CPU
		{6F043C5D-8211-4E55-ACB3-60ED052EA423}.Release|Any CPU.ActiveCfg = Release|Any CPU
		{6F043C5D-8211-4E55-ACB3-60ED052EA423}.Release|Any CPU.Build.0 = Release|Any CPU
		{4EDFE2BA-DBFA-4A7E-981E-5D3C0231CC2B}.Debug|Any CPU.ActiveCfg = Debug|Any CPU
		{4EDFE2BA-DBFA-4A7E-981E-5D3C0231CC2B}.Debug|Any CPU.Build.0 = Debug|Any CPU
		{4EDFE2BA-DBFA-4A7E-981E-5D3C0231CC2B}.Release|Any CPU.ActiveCfg = Release|Any CPU
		{4EDFE2BA-DBFA-4A7E-981E-5D3C0231CC2B}.Release|Any CPU.Build.0 = Release|Any CPU
		{206941D1-9A48-42D7-BD22-8C1D75107B03}.Debug|Any CPU.ActiveCfg = Debug|Any CPU
		{206941D1-9A48-42D7-BD22-8C1D75107B03}.Debug|Any CPU.Build.0 = Debug|Any CPU
		{206941D1-9A48-42D7-BD22-8C1D75107B03}.Release|Any CPU.ActiveCfg = Release|Any CPU
		{206941D1-9A48-42D7-BD22-8C1D75107B03}.Release|Any CPU.Build.0 = Release|Any CPU
		{344CE426-B013-4A56-914C-1D2BD00D109C}.Debug|Any CPU.ActiveCfg = Debug|Any CPU
		{344CE426-B013-4A56-914C-1D2BD00D109C}.Debug|Any CPU.Build.0 = Debug|Any CPU
		{344CE426-B013-4A56-914C-1D2BD00D109C}.Release|Any CPU.ActiveCfg = Release|Any CPU
		{344CE426-B013-4A56-914C-1D2BD00D109C}.Release|Any CPU.Build.0 = Release|Any CPU
		{6DE13233-1ACC-4607-837E-19BDF026F5EE}.Debug|Any CPU.ActiveCfg = Debug|Any CPU
		{6DE13233-1ACC-4607-837E-19BDF026F5EE}.Debug|Any CPU.Build.0 = Debug|Any CPU
		{6DE13233-1ACC-4607-837E-19BDF026F5EE}.Release|Any CPU.ActiveCfg = Release|Any CPU
		{6DE13233-1ACC-4607-837E-19BDF026F5EE}.Release|Any CPU.Build.0 = Release|Any CPU
		{F8C39422-841B-48D9-ACFC-5D44C7A889DB}.Debug|Any CPU.ActiveCfg = Debug|Any CPU
		{F8C39422-841B-48D9-ACFC-5D44C7A889DB}.Debug|Any CPU.Build.0 = Debug|Any CPU
		{F8C39422-841B-48D9-ACFC-5D44C7A889DB}.Release|Any CPU.ActiveCfg = Release|Any CPU
		{F8C39422-841B-48D9-ACFC-5D44C7A889DB}.Release|Any CPU.Build.0 = Release|Any CPU
	EndGlobalSection
	GlobalSection(SolutionProperties) = preSolution
		HideSolutionNode = FALSE
	EndGlobalSection
	GlobalSection(NestedProjects) = preSolution
		{6F043C5D-8211-4E55-ACB3-60ED052EA423} = {12447383-2F8E-497C-BD7B-3CDD8AB8217D}
		{4EDFE2BA-DBFA-4A7E-981E-5D3C0231CC2B} = {12447383-2F8E-497C-BD7B-3CDD8AB8217D}
		{6DE13233-1ACC-4607-837E-19BDF026F5EE} = {C58803BD-1251-4A2F-BA80-6EAAE5A72631}
	EndGlobalSection
	GlobalSection(MonoDevelopProperties) = preSolution
		Policies = $0
		$0.TextStylePolicy = $1
		$1.inheritsSet = null
		$1.scope = text/x-csharp
		$0.CSharpFormattingPolicy = $2
		$2.scope = text/x-csharp
		$2.SpacingAfterMethodDeclarationName = True
		$2.SpaceAfterMethodCallName = True
		$0.TextStylePolicy = $3
		$3.FileWidth = 80
		$3.scope = text/plain
		$0.TextStylePolicy = $4
		$4.inheritsSet = null
		$4.scope = application/vnd.apple-xcode-storyboard
		$0.XmlFormattingPolicy = $5
		$5.inheritsSet = null
		$5.scope = application/vnd.apple-xcode-storyboard
	EndGlobalSection
EndGlobal
